
Microsoft Visual Studio Solution File, Format Version 12.00
# Visual Studio 2013
VisualStudioVersion = 12.0.31101.0
MinimumVisualStudioVersion = 10.0.40219.1
Project("{FAE04EC0-301F-11D3-BF4B-00C04F79EFBC}") = "01.HumanStudentWorker", "HumanStudentWorker\01.HumanStudentWorker.csproj", "{5D1EF939-542A-4528-B77F-4D2018D8D2A6}"
EndProject
Project("{FAE04EC0-301F-11D3-BF4B-00C04F79EFBC}") = "02.Animals", "02.Animals\02.Animals.csproj", "{83F72D1F-DFBA-4866-9C26-ECA8DCF9C4EB}"
EndProject
Project("{FAE04EC0-301F-11D3-BF4B-00C04F79EFBC}") = "03.CompanyHierarchy", "03.CompanyHierarchy\03.CompanyHierarchy.csproj", "{C214D327-DF6F-4436-A77B-6796F213FFE9}"
EndProject
Global
	GlobalSection(SolutionConfigurationPlatforms) = preSolution
		Debug|Any CPU = Debug|Any CPU
		Release|Any CPU = Release|Any CPU
	EndGlobalSection
	GlobalSection(ProjectConfigurationPlatforms) = postSolution
		{5D1EF939-542A-4528-B77F-4D2018D8D2A6}.Debug|Any CPU.ActiveCfg = Debug|Any CPU
		{5D1EF939-542A-4528-B77F-4D2018D8D2A6}.Debug|Any CPU.Build.0 = Debug|Any CPU
		{5D1EF939-542A-4528-B77F-4D2018D8D2A6}.Release|Any CPU.ActiveCfg = Release|Any CPU
		{5D1EF939-542A-4528-B77F-4D2018D8D2A6}.Release|Any CPU.Build.0 = Release|Any CPU
		{83F72D1F-DFBA-4866-9C26-ECA8DCF9C4EB}.Debug|Any CPU.ActiveCfg = Debug|Any CPU
		{83F72D1F-DFBA-4866-9C26-ECA8DCF9C4EB}.Debug|Any CPU.Build.0 = Debug|Any CPU
		{83F72D1F-DFBA-4866-9C26-ECA8DCF9C4EB}.Release|Any CPU.ActiveCfg = Release|Any CPU
		{83F72D1F-DFBA-4866-9C26-ECA8DCF9C4EB}.Release|Any CPU.Build.0 = Release|Any CPU
		{C214D327-DF6F-4436-A77B-6796F213FFE9}.Debug|Any CPU.ActiveCfg = Debug|Any CPU
		{C214D327-DF6F-4436-A77B-6796F213FFE9}.Debug|Any CPU.Build.0 = Debug|Any CPU
		{C214D327-DF6F-4436-A77B-6796F213FFE9}.Release|Any CPU.ActiveCfg = Release|Any CPU
		{C214D327-DF6F-4436-A77B-6796F213FFE9}.Release|Any CPU.Build.0 = Release|Any CPU
	EndGlobalSection
	GlobalSection(SolutionProperties) = preSolution
		HideSolutionNode = FALSE
	EndGlobalSection
EndGlobal
