
Microsoft Visual Studio Solution File, Format Version 12.00
# Visual Studio 2013
VisualStudioVersion = 12.0.31101.0
MinimumVisualStudioVersion = 10.0.40219.1
Project("{FAE04EC0-301F-11D3-BF4B-00C04F79EFBC}") = "BookShop", "BookShop\BookShop.csproj", "{2016B43B-2D8B-48C1-8036-AFE0AE1EAE62}"
EndProject
Project("{FAE04EC0-301F-11D3-BF4B-00C04F79EFBC}") = "WorkingWithAbstraction", "WorkingWithAbstraction\WorkingWithAbstraction.csproj", "{8E3E0170-9CBA-4B36-828A-B1BBD0D81025}"
EndProject
Global
	GlobalSection(SolutionConfigurationPlatforms) = preSolution
		Debug|Any CPU = Debug|Any CPU
		Release|Any CPU = Release|Any CPU
	EndGlobalSection
	GlobalSection(ProjectConfigurationPlatforms) = postSolution
		{2016B43B-2D8B-48C1-8036-AFE0AE1EAE62}.Debug|Any CPU.ActiveCfg = Debug|Any CPU
		{2016B43B-2D8B-48C1-8036-AFE0AE1EAE62}.Debug|Any CPU.Build.0 = Debug|Any CPU
		{2016B43B-2D8B-48C1-8036-AFE0AE1EAE62}.Release|Any CPU.ActiveCfg = Release|Any CPU
		{2016B43B-2D8B-48C1-8036-AFE0AE1EAE62}.Release|Any CPU.Build.0 = Release|Any CPU
		{8E3E0170-9CBA-4B36-828A-B1BBD0D81025}.Debug|Any CPU.ActiveCfg = Debug|Any CPU
		{8E3E0170-9CBA-4B36-828A-B1BBD0D81025}.Debug|Any CPU.Build.0 = Debug|Any CPU
		{8E3E0170-9CBA-4B36-828A-B1BBD0D81025}.Release|Any CPU.ActiveCfg = Release|Any CPU
		{8E3E0170-9CBA-4B36-828A-B1BBD0D81025}.Release|Any CPU.Build.0 = Release|Any CPU
	EndGlobalSection
	GlobalSection(SolutionProperties) = preSolution
		HideSolutionNode = FALSE
	EndGlobalSection
EndGlobal
