
Microsoft Visual Studio Solution File, Format Version 12.00
# Visual Studio 2013
VisualStudioVersion = 12.0.31101.0
MinimumVisualStudioVersion = 10.0.40219.1
Project("{FAE04EC0-301F-11D3-BF4B-00C04F79EFBC}") = "ExerciseInClass.Country", "ExerciseInClass.Country\ExerciseInClass.Country.csproj", "{55C88B14-247B-4EB8-8B0E-1A3CC57703C8}"
EndProject
Project("{FAE04EC0-301F-11D3-BF4B-00C04F79EFBC}") = "02.Customer", "02.Customer\02.Customer.csproj", "{C80ACCA3-E86C-452B-8F09-C109B7A7DFC6}"
EndProject
Project("{FAE04EC0-301F-11D3-BF4B-00C04F79EFBC}") = "03.StringDisperser", "03.StringDisperser\03.StringDisperser.csproj", "{4AACDD87-F04F-428F-A75F-E943CA432E87}"
EndProject
Global
	GlobalSection(SolutionConfigurationPlatforms) = preSolution
		Debug|Any CPU = Debug|Any CPU
		Release|Any CPU = Release|Any CPU
	EndGlobalSection
	GlobalSection(ProjectConfigurationPlatforms) = postSolution
		{55C88B14-247B-4EB8-8B0E-1A3CC57703C8}.Debug|Any CPU.ActiveCfg = Debug|Any CPU
		{55C88B14-247B-4EB8-8B0E-1A3CC57703C8}.Debug|Any CPU.Build.0 = Debug|Any CPU
		{55C88B14-247B-4EB8-8B0E-1A3CC57703C8}.Release|Any CPU.ActiveCfg = Release|Any CPU
		{55C88B14-247B-4EB8-8B0E-1A3CC57703C8}.Release|Any CPU.Build.0 = Release|Any CPU
		{C80ACCA3-E86C-452B-8F09-C109B7A7DFC6}.Debug|Any CPU.ActiveCfg = Debug|Any CPU
		{C80ACCA3-E86C-452B-8F09-C109B7A7DFC6}.Debug|Any CPU.Build.0 = Debug|Any CPU
		{C80ACCA3-E86C-452B-8F09-C109B7A7DFC6}.Release|Any CPU.ActiveCfg = Release|Any CPU
		{C80ACCA3-E86C-452B-8F09-C109B7A7DFC6}.Release|Any CPU.Build.0 = Release|Any CPU
		{4AACDD87-F04F-428F-A75F-E943CA432E87}.Debug|Any CPU.ActiveCfg = Debug|Any CPU
		{4AACDD87-F04F-428F-A75F-E943CA432E87}.Debug|Any CPU.Build.0 = Debug|Any CPU
		{4AACDD87-F04F-428F-A75F-E943CA432E87}.Release|Any CPU.ActiveCfg = Release|Any CPU
		{4AACDD87-F04F-428F-A75F-E943CA432E87}.Release|Any CPU.Build.0 = Release|Any CPU
	EndGlobalSection
	GlobalSection(SolutionProperties) = preSolution
		HideSolutionNode = FALSE
	EndGlobalSection
EndGlobal
