
Microsoft Visual Studio Solution File, Format Version 12.00
# Visual Studio 2013
VisualStudioVersion = 12.0.31101.0
MinimumVisualStudioVersion = 10.0.40219.1
Project("{FAE04EC0-301F-11D3-BF4B-00C04F79EFBC}") = "01.ExchangeIfGreater", "01.ExchangeIfGreater\01.ExchangeIfGreater.csproj", "{76FDFEBA-C57B-40C1-B4D3-E984F5D9B2CF}"
EndProject
Project("{FAE04EC0-301F-11D3-BF4B-00C04F79EFBC}") = "02.BonusScore", "02.BonusScore\02.BonusScore.csproj", "{E3F5F6E3-393E-487E-B510-EFD0A1B12121}"
EndProject
Project("{FAE04EC0-301F-11D3-BF4B-00C04F79EFBC}") = "03.CheckForPlaycard", "CheckForPlaycard\03.CheckForPlaycard.csproj", "{0D7941A0-F852-418B-BC91-4A11681E6E16}"
EndProject
Project("{FAE04EC0-301F-11D3-BF4B-00C04F79EFBC}") = "04.MultiplicationSign", "MultiplicationSign\04.MultiplicationSign.csproj", "{38766421-4CB0-4D92-BDC9-C8F024A04654}"
EndProject
Project("{FAE04EC0-301F-11D3-BF4B-00C04F79EFBC}") = "05.TheBiggestOf3Numbs", "05.TheBiggestOf3Numbs\05.TheBiggestOf3Numbs.csproj", "{AE84B87D-C9DF-4409-8A29-330D1D7E4297}"
EndProject
Project("{FAE04EC0-301F-11D3-BF4B-00C04F79EFBC}") = "06.TheBiggestOf5Numbs", "06.TheBiggestOf5Numbs\06.TheBiggestOf5Numbs.csproj", "{22F004BF-DE21-4AC6-8DB0-21C17F23257F}"
EndProject
Project("{FAE04EC0-301F-11D3-BF4B-00C04F79EFBC}") = "07.SortNumbers", "07.SortNumbers\07.SortNumbers.csproj", "{3D39B3CB-D3E7-4EEB-8488-52A3014BA191}"
EndProject
Project("{FAE04EC0-301F-11D3-BF4B-00C04F79EFBC}") = "08.DigitAsWord", "08.DigitAsWord\08.DigitAsWord.csproj", "{315393FA-5DEF-4326-B92F-1CB1842DBAE0}"
EndProject
Project("{FAE04EC0-301F-11D3-BF4B-00C04F79EFBC}") = "09.PlayWith", "09.PlayWith\09.PlayWith.csproj", "{3B912984-F77F-49BA-9759-D263F22B11A7}"
EndProject
Project("{FAE04EC0-301F-11D3-BF4B-00C04F79EFBC}") = "10.BeerTime", "BeerTime\10.BeerTime.csproj", "{5AD608BB-1EA5-40BC-B059-D11924DDBC8B}"
EndProject
Project("{FAE04EC0-301F-11D3-BF4B-00C04F79EFBC}") = "Triangle", "Triangle\Triangle.csproj", "{AE3C99FC-7028-4E19-AC7B-09505879B7E8}"
EndProject
Project("{FAE04EC0-301F-11D3-BF4B-00C04F79EFBC}") = "Pairs", "Pairs\Pairs.csproj", "{8FE606A2-867F-4800-9128-D0B8DACE604D}"
EndProject
Project("{FAE04EC0-301F-11D3-BF4B-00C04F79EFBC}") = "House", "House\House.csproj", "{D55D56E0-7EDA-4CE5-A561-E8A2C57DDB50}"
EndProject
Global
	GlobalSection(SolutionConfigurationPlatforms) = preSolution
		Debug|Any CPU = Debug|Any CPU
		Release|Any CPU = Release|Any CPU
	EndGlobalSection
	GlobalSection(ProjectConfigurationPlatforms) = postSolution
		{76FDFEBA-C57B-40C1-B4D3-E984F5D9B2CF}.Debug|Any CPU.ActiveCfg = Debug|Any CPU
		{76FDFEBA-C57B-40C1-B4D3-E984F5D9B2CF}.Debug|Any CPU.Build.0 = Debug|Any CPU
		{76FDFEBA-C57B-40C1-B4D3-E984F5D9B2CF}.Release|Any CPU.ActiveCfg = Release|Any CPU
		{76FDFEBA-C57B-40C1-B4D3-E984F5D9B2CF}.Release|Any CPU.Build.0 = Release|Any CPU
		{E3F5F6E3-393E-487E-B510-EFD0A1B12121}.Debug|Any CPU.ActiveCfg = Debug|Any CPU
		{E3F5F6E3-393E-487E-B510-EFD0A1B12121}.Debug|Any CPU.Build.0 = Debug|Any CPU
		{E3F5F6E3-393E-487E-B510-EFD0A1B12121}.Release|Any CPU.ActiveCfg = Release|Any CPU
		{E3F5F6E3-393E-487E-B510-EFD0A1B12121}.Release|Any CPU.Build.0 = Release|Any CPU
		{0D7941A0-F852-418B-BC91-4A11681E6E16}.Debug|Any CPU.ActiveCfg = Debug|Any CPU
		{0D7941A0-F852-418B-BC91-4A11681E6E16}.Debug|Any CPU.Build.0 = Debug|Any CPU
		{0D7941A0-F852-418B-BC91-4A11681E6E16}.Release|Any CPU.ActiveCfg = Release|Any CPU
		{0D7941A0-F852-418B-BC91-4A11681E6E16}.Release|Any CPU.Build.0 = Release|Any CPU
		{38766421-4CB0-4D92-BDC9-C8F024A04654}.Debug|Any CPU.ActiveCfg = Debug|Any CPU
		{38766421-4CB0-4D92-BDC9-C8F024A04654}.Debug|Any CPU.Build.0 = Debug|Any CPU
		{38766421-4CB0-4D92-BDC9-C8F024A04654}.Release|Any CPU.ActiveCfg = Release|Any CPU
		{38766421-4CB0-4D92-BDC9-C8F024A04654}.Release|Any CPU.Build.0 = Release|Any CPU
		{AE84B87D-C9DF-4409-8A29-330D1D7E4297}.Debug|Any CPU.ActiveCfg = Debug|Any CPU
		{AE84B87D-C9DF-4409-8A29-330D1D7E4297}.Debug|Any CPU.Build.0 = Debug|Any CPU
		{AE84B87D-C9DF-4409-8A29-330D1D7E4297}.Release|Any CPU.ActiveCfg = Release|Any CPU
		{AE84B87D-C9DF-4409-8A29-330D1D7E4297}.Release|Any CPU.Build.0 = Release|Any CPU
		{22F004BF-DE21-4AC6-8DB0-21C17F23257F}.Debug|Any CPU.ActiveCfg = Debug|Any CPU
		{22F004BF-DE21-4AC6-8DB0-21C17F23257F}.Debug|Any CPU.Build.0 = Debug|Any CPU
		{22F004BF-DE21-4AC6-8DB0-21C17F23257F}.Release|Any CPU.ActiveCfg = Release|Any CPU
		{22F004BF-DE21-4AC6-8DB0-21C17F23257F}.Release|Any CPU.Build.0 = Release|Any CPU
		{3D39B3CB-D3E7-4EEB-8488-52A3014BA191}.Debug|Any CPU.ActiveCfg = Debug|Any CPU
		{3D39B3CB-D3E7-4EEB-8488-52A3014BA191}.Debug|Any CPU.Build.0 = Debug|Any CPU
		{3D39B3CB-D3E7-4EEB-8488-52A3014BA191}.Release|Any CPU.ActiveCfg = Release|Any CPU
		{3D39B3CB-D3E7-4EEB-8488-52A3014BA191}.Release|Any CPU.Build.0 = Release|Any CPU
		{315393FA-5DEF-4326-B92F-1CB1842DBAE0}.Debug|Any CPU.ActiveCfg = Debug|Any CPU
		{315393FA-5DEF-4326-B92F-1CB1842DBAE0}.Debug|Any CPU.Build.0 = Debug|Any CPU
		{315393FA-5DEF-4326-B92F-1CB1842DBAE0}.Release|Any CPU.ActiveCfg = Release|Any CPU
		{315393FA-5DEF-4326-B92F-1CB1842DBAE0}.Release|Any CPU.Build.0 = Release|Any CPU
		{3B912984-F77F-49BA-9759-D263F22B11A7}.Debug|Any CPU.ActiveCfg = Debug|Any CPU
		{3B912984-F77F-49BA-9759-D263F22B11A7}.Debug|Any CPU.Build.0 = Debug|Any CPU
		{3B912984-F77F-49BA-9759-D263F22B11A7}.Release|Any CPU.ActiveCfg = Release|Any CPU
		{3B912984-F77F-49BA-9759-D263F22B11A7}.Release|Any CPU.Build.0 = Release|Any CPU
		{5AD608BB-1EA5-40BC-B059-D11924DDBC8B}.Debug|Any CPU.ActiveCfg = Debug|Any CPU
		{5AD608BB-1EA5-40BC-B059-D11924DDBC8B}.Debug|Any CPU.Build.0 = Debug|Any CPU
		{5AD608BB-1EA5-40BC-B059-D11924DDBC8B}.Release|Any CPU.ActiveCfg = Release|Any CPU
		{5AD608BB-1EA5-40BC-B059-D11924DDBC8B}.Release|Any CPU.Build.0 = Release|Any CPU
		{AE3C99FC-7028-4E19-AC7B-09505879B7E8}.Debug|Any CPU.ActiveCfg = Debug|Any CPU
		{AE3C99FC-7028-4E19-AC7B-09505879B7E8}.Debug|Any CPU.Build.0 = Debug|Any CPU
		{AE3C99FC-7028-4E19-AC7B-09505879B7E8}.Release|Any CPU.ActiveCfg = Release|Any CPU
		{AE3C99FC-7028-4E19-AC7B-09505879B7E8}.Release|Any CPU.Build.0 = Release|Any CPU
		{8FE606A2-867F-4800-9128-D0B8DACE604D}.Debug|Any CPU.ActiveCfg = Debug|Any CPU
		{8FE606A2-867F-4800-9128-D0B8DACE604D}.Debug|Any CPU.Build.0 = Debug|Any CPU
		{8FE606A2-867F-4800-9128-D0B8DACE604D}.Release|Any CPU.ActiveCfg = Release|Any CPU
		{8FE606A2-867F-4800-9128-D0B8DACE604D}.Release|Any CPU.Build.0 = Release|Any CPU
		{D55D56E0-7EDA-4CE5-A561-E8A2C57DDB50}.Debug|Any CPU.ActiveCfg = Debug|Any CPU
		{D55D56E0-7EDA-4CE5-A561-E8A2C57DDB50}.Debug|Any CPU.Build.0 = Debug|Any CPU
		{D55D56E0-7EDA-4CE5-A561-E8A2C57DDB50}.Release|Any CPU.ActiveCfg = Release|Any CPU
		{D55D56E0-7EDA-4CE5-A561-E8A2C57DDB50}.Release|Any CPU.Build.0 = Release|Any CPU
	EndGlobalSection
	GlobalSection(SolutionProperties) = preSolution
		HideSolutionNode = FALSE
	EndGlobalSection
EndGlobal
