
Microsoft Visual Studio Solution File, Format Version 12.00
# Visual Studio 2013
VisualStudioVersion = 12.0.31101.0
MinimumVisualStudioVersion = 10.0.40219.1
Project("{FAE04EC0-301F-11D3-BF4B-00C04F79EFBC}") = "01.BiggerNumber", "01.BiggerInteger\01.BiggerNumber.csproj", "{2391B8CC-2AD7-4E88-A8BA-26BD992B7C90}"
EndProject
Project("{FAE04EC0-301F-11D3-BF4B-00C04F79EFBC}") = "02.LastDigit", "02.LastDigit\02.LastDigit.csproj", "{D1C664E5-C05D-4F2F-AFAF-F5F8863FCECC}"
EndProject
Project("{FAE04EC0-301F-11D3-BF4B-00C04F79EFBC}") = "03.LargerThanNeighbours", "03.LargerThanNeighbours\03.LargerThanNeighbours.csproj", "{B0C91009-0E06-4876-BC4E-C48FEF9B5A39}"
EndProject
Project("{FAE04EC0-301F-11D3-BF4B-00C04F79EFBC}") = "05.ReverseNumber", "05.ReverseNumber\05.ReverseNumber.csproj", "{A027E785-2AB9-4DD7-ACBD-67CEE664CE39}"
EndProject
Project("{FAE04EC0-301F-11D3-BF4B-00C04F79EFBC}") = "04.FirstLargerThanNeighbours", "04.FirstLargerThanNeighbours\04.FirstLargerThanNeighbours.csproj", "{7B790943-CDEA-4E23-8AEC-C3E9DA53AEFC}"
EndProject
Project("{FAE04EC0-301F-11D3-BF4B-00C04F79EFBC}") = "06.NumberCalculations", "06.NumberCalculations\06.NumberCalculations.csproj", "{BD76957F-F819-49D0-9C11-EF44F0918E6F}"
EndProject
Project("{FAE04EC0-301F-11D3-BF4B-00C04F79EFBC}") = "07.GenericArraySort", "07.GenericArraySort\07.GenericArraySort.csproj", "{C6F3FC2A-ACE4-48CC-8764-B15785D25613}"
EndProject
Project("{FAE04EC0-301F-11D3-BF4B-00C04F79EFBC}") = "PrintingTriangle", "PrintingTriangle\PrintingTriangle.csproj", "{FF9B9AA5-86AD-460A-A94E-C121747C3BD9}"
EndProject
Global
	GlobalSection(SolutionConfigurationPlatforms) = preSolution
		Debug|Any CPU = Debug|Any CPU
		Release|Any CPU = Release|Any CPU
	EndGlobalSection
	GlobalSection(ProjectConfigurationPlatforms) = postSolution
		{2391B8CC-2AD7-4E88-A8BA-26BD992B7C90}.Debug|Any CPU.ActiveCfg = Debug|Any CPU
		{2391B8CC-2AD7-4E88-A8BA-26BD992B7C90}.Debug|Any CPU.Build.0 = Debug|Any CPU
		{2391B8CC-2AD7-4E88-A8BA-26BD992B7C90}.Release|Any CPU.ActiveCfg = Release|Any CPU
		{2391B8CC-2AD7-4E88-A8BA-26BD992B7C90}.Release|Any CPU.Build.0 = Release|Any CPU
		{D1C664E5-C05D-4F2F-AFAF-F5F8863FCECC}.Debug|Any CPU.ActiveCfg = Debug|Any CPU
		{D1C664E5-C05D-4F2F-AFAF-F5F8863FCECC}.Debug|Any CPU.Build.0 = Debug|Any CPU
		{D1C664E5-C05D-4F2F-AFAF-F5F8863FCECC}.Release|Any CPU.ActiveCfg = Release|Any CPU
		{D1C664E5-C05D-4F2F-AFAF-F5F8863FCECC}.Release|Any CPU.Build.0 = Release|Any CPU
		{B0C91009-0E06-4876-BC4E-C48FEF9B5A39}.Debug|Any CPU.ActiveCfg = Debug|Any CPU
		{B0C91009-0E06-4876-BC4E-C48FEF9B5A39}.Debug|Any CPU.Build.0 = Debug|Any CPU
		{B0C91009-0E06-4876-BC4E-C48FEF9B5A39}.Release|Any CPU.ActiveCfg = Release|Any CPU
		{B0C91009-0E06-4876-BC4E-C48FEF9B5A39}.Release|Any CPU.Build.0 = Release|Any CPU
		{A027E785-2AB9-4DD7-ACBD-67CEE664CE39}.Debug|Any CPU.ActiveCfg = Debug|Any CPU
		{A027E785-2AB9-4DD7-ACBD-67CEE664CE39}.Debug|Any CPU.Build.0 = Debug|Any CPU
		{A027E785-2AB9-4DD7-ACBD-67CEE664CE39}.Release|Any CPU.ActiveCfg = Release|Any CPU
		{A027E785-2AB9-4DD7-ACBD-67CEE664CE39}.Release|Any CPU.Build.0 = Release|Any CPU
		{7B790943-CDEA-4E23-8AEC-C3E9DA53AEFC}.Debug|Any CPU.ActiveCfg = Debug|Any CPU
		{7B790943-CDEA-4E23-8AEC-C3E9DA53AEFC}.Debug|Any CPU.Build.0 = Debug|Any CPU
		{7B790943-CDEA-4E23-8AEC-C3E9DA53AEFC}.Release|Any CPU.ActiveCfg = Release|Any CPU
		{7B790943-CDEA-4E23-8AEC-C3E9DA53AEFC}.Release|Any CPU.Build.0 = Release|Any CPU
		{BD76957F-F819-49D0-9C11-EF44F0918E6F}.Debug|Any CPU.ActiveCfg = Debug|Any CPU
		{BD76957F-F819-49D0-9C11-EF44F0918E6F}.Debug|Any CPU.Build.0 = Debug|Any CPU
		{BD76957F-F819-49D0-9C11-EF44F0918E6F}.Release|Any CPU.ActiveCfg = Release|Any CPU
		{BD76957F-F819-49D0-9C11-EF44F0918E6F}.Release|Any CPU.Build.0 = Release|Any CPU
		{C6F3FC2A-ACE4-48CC-8764-B15785D25613}.Debug|Any CPU.ActiveCfg = Debug|Any CPU
		{C6F3FC2A-ACE4-48CC-8764-B15785D25613}.Debug|Any CPU.Build.0 = Debug|Any CPU
		{C6F3FC2A-ACE4-48CC-8764-B15785D25613}.Release|Any CPU.ActiveCfg = Release|Any CPU
		{C6F3FC2A-ACE4-48CC-8764-B15785D25613}.Release|Any CPU.Build.0 = Release|Any CPU
		{FF9B9AA5-86AD-460A-A94E-C121747C3BD9}.Debug|Any CPU.ActiveCfg = Debug|Any CPU
		{FF9B9AA5-86AD-460A-A94E-C121747C3BD9}.Debug|Any CPU.Build.0 = Debug|Any CPU
		{FF9B9AA5-86AD-460A-A94E-C121747C3BD9}.Release|Any CPU.ActiveCfg = Release|Any CPU
		{FF9B9AA5-86AD-460A-A94E-C121747C3BD9}.Release|Any CPU.Build.0 = Release|Any CPU
	EndGlobalSection
	GlobalSection(SolutionProperties) = preSolution
		HideSolutionNode = FALSE
	EndGlobalSection
EndGlobal
