
Microsoft Visual Studio Solution File, Format Version 12.00
# Visual Studio 2013
VisualStudioVersion = 12.0.31101.0
MinimumVisualStudioVersion = 10.0.40219.1
Project("{FAE04EC0-301F-11D3-BF4B-00C04F79EFBC}") = "Problem1.Persons", "Problem1.Persons\Problem1.Persons.csproj", "{114838A6-086C-4C52-AA0F-DBECE3127944}"
EndProject
Project("{FAE04EC0-301F-11D3-BF4B-00C04F79EFBC}") = "DefiningClases-Exercise", "ExInClass.DefinClassDog\DefiningClases-Exercise.csproj", "{A9C42D9E-D4E2-48FD-98FE-5D1A717316EA}"
EndProject
Project("{FAE04EC0-301F-11D3-BF4B-00C04F79EFBC}") = "Problem2.LaptopShop", "Problem2.LaptopShop\Problem2.LaptopShop.csproj", "{8707B34F-0B3D-4EEA-B5FD-F21C37872CC3}"
EndProject
Project("{FAE04EC0-301F-11D3-BF4B-00C04F79EFBC}") = "Problem3.PC_Catalog", "Problem3.PC_Catalog\Problem3.PC_Catalog.csproj", "{CDD7491B-6F38-4D64-8293-4A1348BEB403}"
EndProject
Project("{FAE04EC0-301F-11D3-BF4B-00C04F79EFBC}") = "SoftUniLearningSystem", "SoftUniLearningSystem\SoftUniLearningSystem.csproj", "{9BB2FBEE-1BFE-4846-B546-5DEDC83B4FE7}"
EndProject
Global
	GlobalSection(SolutionConfigurationPlatforms) = preSolution
		Debug|Any CPU = Debug|Any CPU
		Release|Any CPU = Release|Any CPU
	EndGlobalSection
	GlobalSection(ProjectConfigurationPlatforms) = postSolution
		{114838A6-086C-4C52-AA0F-DBECE3127944}.Debug|Any CPU.ActiveCfg = Debug|Any CPU
		{114838A6-086C-4C52-AA0F-DBECE3127944}.Debug|Any CPU.Build.0 = Debug|Any CPU
		{114838A6-086C-4C52-AA0F-DBECE3127944}.Release|Any CPU.ActiveCfg = Release|Any CPU
		{114838A6-086C-4C52-AA0F-DBECE3127944}.Release|Any CPU.Build.0 = Release|Any CPU
		{A9C42D9E-D4E2-48FD-98FE-5D1A717316EA}.Debug|Any CPU.ActiveCfg = Debug|Any CPU
		{A9C42D9E-D4E2-48FD-98FE-5D1A717316EA}.Debug|Any CPU.Build.0 = Debug|Any CPU
		{A9C42D9E-D4E2-48FD-98FE-5D1A717316EA}.Release|Any CPU.ActiveCfg = Release|Any CPU
		{A9C42D9E-D4E2-48FD-98FE-5D1A717316EA}.Release|Any CPU.Build.0 = Release|Any CPU
		{8707B34F-0B3D-4EEA-B5FD-F21C37872CC3}.Debug|Any CPU.ActiveCfg = Debug|Any CPU
		{8707B34F-0B3D-4EEA-B5FD-F21C37872CC3}.Debug|Any CPU.Build.0 = Debug|Any CPU
		{8707B34F-0B3D-4EEA-B5FD-F21C37872CC3}.Release|Any CPU.ActiveCfg = Release|Any CPU
		{8707B34F-0B3D-4EEA-B5FD-F21C37872CC3}.Release|Any CPU.Build.0 = Release|Any CPU
		{CDD7491B-6F38-4D64-8293-4A1348BEB403}.Debug|Any CPU.ActiveCfg = Debug|Any CPU
		{CDD7491B-6F38-4D64-8293-4A1348BEB403}.Debug|Any CPU.Build.0 = Debug|Any CPU
		{CDD7491B-6F38-4D64-8293-4A1348BEB403}.Release|Any CPU.ActiveCfg = Release|Any CPU
		{CDD7491B-6F38-4D64-8293-4A1348BEB403}.Release|Any CPU.Build.0 = Release|Any CPU
		{9BB2FBEE-1BFE-4846-B546-5DEDC83B4FE7}.Debug|Any CPU.ActiveCfg = Debug|Any CPU
		{9BB2FBEE-1BFE-4846-B546-5DEDC83B4FE7}.Debug|Any CPU.Build.0 = Debug|Any CPU
		{9BB2FBEE-1BFE-4846-B546-5DEDC83B4FE7}.Release|Any CPU.ActiveCfg = Release|Any CPU
		{9BB2FBEE-1BFE-4846-B546-5DEDC83B4FE7}.Release|Any CPU.Build.0 = Release|Any CPU
	EndGlobalSection
	GlobalSection(SolutionProperties) = preSolution
		HideSolutionNode = FALSE
	EndGlobalSection
EndGlobal
