
Microsoft Visual Studio Solution File, Format Version 12.00
# Visual Studio 2013
VisualStudioVersion = 12.0.31101.0
MinimumVisualStudioVersion = 10.0.40219.1
Project("{FAE04EC0-301F-11D3-BF4B-00C04F79EFBC}") = "01.Array", "01.Array\01.Array.csproj", "{635DD64E-F42A-4258-AA6F-0895EA9790FA}"
EndProject
Project("{FAE04EC0-301F-11D3-BF4B-00C04F79EFBC}") = "02.ReadArraysEqv", "02.ReadArraysEqv\02.ReadArraysEqv.csproj", "{F8C3EF6E-D455-49FD-BF95-023BBB49253C}"
EndProject
Project("{FAE04EC0-301F-11D3-BF4B-00C04F79EFBC}") = "3DArr", "3DArr\3DArr.csproj", "{69AFA153-6D68-4D28-853E-7C6D800D20CF}"
EndProject
Project("{FAE04EC0-301F-11D3-BF4B-00C04F79EFBC}") = "BestSum", "BestSum\BestSum.csproj", "{532D98C6-2CCD-4FF3-94AD-27A819E0FF6B}"
EndProject
Project("{FAE04EC0-301F-11D3-BF4B-00C04F79EFBC}") = "MultiplyMatrix", "MultiplyMatrix\MultiplyMatrix.csproj", "{1BFF0A13-7545-4E36-BD13-4B145D8C3E63}"
EndProject
Project("{FAE04EC0-301F-11D3-BF4B-00C04F79EFBC}") = "PascalTriangle", "PascalTriangle\PascalTriangle.csproj", "{6F63618B-E355-4D40-9839-DAE474E3F38C}"
EndProject
Project("{FAE04EC0-301F-11D3-BF4B-00C04F79EFBC}") = "01.FillTheMatrix", "01.FillTheMatrix\01.FillTheMatrix.csproj", "{7215C04E-FF40-4733-9B2C-68FD391F3F27}"
EndProject
Project("{FAE04EC0-301F-11D3-BF4B-00C04F79EFBC}") = "02.MaxSum", "02.MaxSum\02.MaxSum.csproj", "{8A1550AC-FE38-417E-849C-ED5233B41C45}"
EndProject
Project("{FAE04EC0-301F-11D3-BF4B-00C04F79EFBC}") = "SayHello", "SayHello\SayHello.csproj", "{014B3C08-90EC-42AC-9B2D-892BDD951F4C}"
EndProject
Project("{FAE04EC0-301F-11D3-BF4B-00C04F79EFBC}") = "GetMax", "GetMax\GetMax.csproj", "{926D9B95-3AF2-4430-BDDF-3D488D177494}"
EndProject
Project("{FAE04EC0-301F-11D3-BF4B-00C04F79EFBC}") = "EnglishDigit", "EnglishDigit\EnglishDigit.csproj", "{5F487D81-3CBA-48D6-AEC7-6010BDAA57E3}"
EndProject
Project("{FAE04EC0-301F-11D3-BF4B-00C04F79EFBC}") = "AppearanceCount", "AppearanceCount\AppearanceCount.csproj", "{8683E084-C763-42FF-BCFC-5FDA33302D45}"
EndProject
Project("{FAE04EC0-301F-11D3-BF4B-00C04F79EFBC}") = "LargerThanNeighbours", "LargerThanNeighbours\LargerThanNeighbours.csproj", "{3C902715-BC55-4979-BC04-68B4CA777C8B}"
EndProject
Project("{FAE04EC0-301F-11D3-BF4B-00C04F79EFBC}") = "ReverseNumber", "ReversedNumber\ReverseNumber.csproj", "{BEA242F5-921B-4441-8A4E-BB49F6CB660C}"
EndProject
Project("{FAE04EC0-301F-11D3-BF4B-00C04F79EFBC}") = "LeapYear", "LeapYear\LeapYear.csproj", "{4B14F348-6D43-4813-BF01-3C609CA5635B}"
EndProject
Project("{FAE04EC0-301F-11D3-BF4B-00C04F79EFBC}") = "RandomNumbers", "RandomNumbers\RandomNumbers.csproj", "{752D6C54-6C78-46E7-8E6D-7A8878952B5C}"
EndProject
Project("{FAE04EC0-301F-11D3-BF4B-00C04F79EFBC}") = "DayOfWeek", "DayOfWeek\DayOfWeek.csproj", "{6259DFF1-C3ED-4E41-A456-AF644F189BFC}"
EndProject
Project("{FAE04EC0-301F-11D3-BF4B-00C04F79EFBC}") = "Sample", "Sample\Sample.csproj", "{4C2A24B5-CA0F-4476-A452-92548CB6764E}"
EndProject
Project("{FAE04EC0-301F-11D3-BF4B-00C04F79EFBC}") = "ReverseString", "ReverseString\ReverseString.csproj", "{7B9E5365-C212-4EC2-B8F7-A5DDA39F0F3F}"
EndProject
Project("{FAE04EC0-301F-11D3-BF4B-00C04F79EFBC}") = "SurfaceOfTriangle", "SurfaceOfTriangle\SurfaceOfTriangle.csproj", "{9F2D4A5E-6A9F-4667-AE7D-F72F95A2E85E}"
EndProject
Global
	GlobalSection(SolutionConfigurationPlatforms) = preSolution
		Debug|Any CPU = Debug|Any CPU
		Release|Any CPU = Release|Any CPU
	EndGlobalSection
	GlobalSection(ProjectConfigurationPlatforms) = postSolution
		{635DD64E-F42A-4258-AA6F-0895EA9790FA}.Debug|Any CPU.ActiveCfg = Debug|Any CPU
		{635DD64E-F42A-4258-AA6F-0895EA9790FA}.Debug|Any CPU.Build.0 = Debug|Any CPU
		{635DD64E-F42A-4258-AA6F-0895EA9790FA}.Release|Any CPU.ActiveCfg = Release|Any CPU
		{635DD64E-F42A-4258-AA6F-0895EA9790FA}.Release|Any CPU.Build.0 = Release|Any CPU
		{F8C3EF6E-D455-49FD-BF95-023BBB49253C}.Debug|Any CPU.ActiveCfg = Debug|Any CPU
		{F8C3EF6E-D455-49FD-BF95-023BBB49253C}.Debug|Any CPU.Build.0 = Debug|Any CPU
		{F8C3EF6E-D455-49FD-BF95-023BBB49253C}.Release|Any CPU.ActiveCfg = Release|Any CPU
		{F8C3EF6E-D455-49FD-BF95-023BBB49253C}.Release|Any CPU.Build.0 = Release|Any CPU
		{69AFA153-6D68-4D28-853E-7C6D800D20CF}.Debug|Any CPU.ActiveCfg = Debug|Any CPU
		{69AFA153-6D68-4D28-853E-7C6D800D20CF}.Debug|Any CPU.Build.0 = Debug|Any CPU
		{69AFA153-6D68-4D28-853E-7C6D800D20CF}.Release|Any CPU.ActiveCfg = Release|Any CPU
		{69AFA153-6D68-4D28-853E-7C6D800D20CF}.Release|Any CPU.Build.0 = Release|Any CPU
		{532D98C6-2CCD-4FF3-94AD-27A819E0FF6B}.Debug|Any CPU.ActiveCfg = Debug|Any CPU
		{532D98C6-2CCD-4FF3-94AD-27A819E0FF6B}.Debug|Any CPU.Build.0 = Debug|Any CPU
		{532D98C6-2CCD-4FF3-94AD-27A819E0FF6B}.Release|Any CPU.ActiveCfg = Release|Any CPU
		{532D98C6-2CCD-4FF3-94AD-27A819E0FF6B}.Release|Any CPU.Build.0 = Release|Any CPU
		{1BFF0A13-7545-4E36-BD13-4B145D8C3E63}.Debug|Any CPU.ActiveCfg = Debug|Any CPU
		{1BFF0A13-7545-4E36-BD13-4B145D8C3E63}.Debug|Any CPU.Build.0 = Debug|Any CPU
		{1BFF0A13-7545-4E36-BD13-4B145D8C3E63}.Release|Any CPU.ActiveCfg = Release|Any CPU
		{1BFF0A13-7545-4E36-BD13-4B145D8C3E63}.Release|Any CPU.Build.0 = Release|Any CPU
		{6F63618B-E355-4D40-9839-DAE474E3F38C}.Debug|Any CPU.ActiveCfg = Debug|Any CPU
		{6F63618B-E355-4D40-9839-DAE474E3F38C}.Debug|Any CPU.Build.0 = Debug|Any CPU
		{6F63618B-E355-4D40-9839-DAE474E3F38C}.Release|Any CPU.ActiveCfg = Release|Any CPU
		{6F63618B-E355-4D40-9839-DAE474E3F38C}.Release|Any CPU.Build.0 = Release|Any CPU
		{7215C04E-FF40-4733-9B2C-68FD391F3F27}.Debug|Any CPU.ActiveCfg = Debug|Any CPU
		{7215C04E-FF40-4733-9B2C-68FD391F3F27}.Debug|Any CPU.Build.0 = Debug|Any CPU
		{7215C04E-FF40-4733-9B2C-68FD391F3F27}.Release|Any CPU.ActiveCfg = Release|Any CPU
		{7215C04E-FF40-4733-9B2C-68FD391F3F27}.Release|Any CPU.Build.0 = Release|Any CPU
		{8A1550AC-FE38-417E-849C-ED5233B41C45}.Debug|Any CPU.ActiveCfg = Debug|Any CPU
		{8A1550AC-FE38-417E-849C-ED5233B41C45}.Debug|Any CPU.Build.0 = Debug|Any CPU
		{8A1550AC-FE38-417E-849C-ED5233B41C45}.Release|Any CPU.ActiveCfg = Release|Any CPU
		{8A1550AC-FE38-417E-849C-ED5233B41C45}.Release|Any CPU.Build.0 = Release|Any CPU
		{014B3C08-90EC-42AC-9B2D-892BDD951F4C}.Debug|Any CPU.ActiveCfg = Debug|Any CPU
		{014B3C08-90EC-42AC-9B2D-892BDD951F4C}.Debug|Any CPU.Build.0 = Debug|Any CPU
		{014B3C08-90EC-42AC-9B2D-892BDD951F4C}.Release|Any CPU.ActiveCfg = Release|Any CPU
		{014B3C08-90EC-42AC-9B2D-892BDD951F4C}.Release|Any CPU.Build.0 = Release|Any CPU
		{926D9B95-3AF2-4430-BDDF-3D488D177494}.Debug|Any CPU.ActiveCfg = Debug|Any CPU
		{926D9B95-3AF2-4430-BDDF-3D488D177494}.Debug|Any CPU.Build.0 = Debug|Any CPU
		{926D9B95-3AF2-4430-BDDF-3D488D177494}.Release|Any CPU.ActiveCfg = Release|Any CPU
		{926D9B95-3AF2-4430-BDDF-3D488D177494}.Release|Any CPU.Build.0 = Release|Any CPU
		{5F487D81-3CBA-48D6-AEC7-6010BDAA57E3}.Debug|Any CPU.ActiveCfg = Debug|Any CPU
		{5F487D81-3CBA-48D6-AEC7-6010BDAA57E3}.Debug|Any CPU.Build.0 = Debug|Any CPU
		{5F487D81-3CBA-48D6-AEC7-6010BDAA57E3}.Release|Any CPU.ActiveCfg = Release|Any CPU
		{5F487D81-3CBA-48D6-AEC7-6010BDAA57E3}.Release|Any CPU.Build.0 = Release|Any CPU
		{8683E084-C763-42FF-BCFC-5FDA33302D45}.Debug|Any CPU.ActiveCfg = Debug|Any CPU
		{8683E084-C763-42FF-BCFC-5FDA33302D45}.Debug|Any CPU.Build.0 = Debug|Any CPU
		{8683E084-C763-42FF-BCFC-5FDA33302D45}.Release|Any CPU.ActiveCfg = Release|Any CPU
		{8683E084-C763-42FF-BCFC-5FDA33302D45}.Release|Any CPU.Build.0 = Release|Any CPU
		{3C902715-BC55-4979-BC04-68B4CA777C8B}.Debug|Any CPU.ActiveCfg = Debug|Any CPU
		{3C902715-BC55-4979-BC04-68B4CA777C8B}.Debug|Any CPU.Build.0 = Debug|Any CPU
		{3C902715-BC55-4979-BC04-68B4CA777C8B}.Release|Any CPU.ActiveCfg = Release|Any CPU
		{3C902715-BC55-4979-BC04-68B4CA777C8B}.Release|Any CPU.Build.0 = Release|Any CPU
		{BEA242F5-921B-4441-8A4E-BB49F6CB660C}.Debug|Any CPU.ActiveCfg = Debug|Any CPU
		{BEA242F5-921B-4441-8A4E-BB49F6CB660C}.Debug|Any CPU.Build.0 = Debug|Any CPU
		{BEA242F5-921B-4441-8A4E-BB49F6CB660C}.Release|Any CPU.ActiveCfg = Release|Any CPU
		{BEA242F5-921B-4441-8A4E-BB49F6CB660C}.Release|Any CPU.Build.0 = Release|Any CPU
		{4B14F348-6D43-4813-BF01-3C609CA5635B}.Debug|Any CPU.ActiveCfg = Debug|Any CPU
		{4B14F348-6D43-4813-BF01-3C609CA5635B}.Debug|Any CPU.Build.0 = Debug|Any CPU
		{4B14F348-6D43-4813-BF01-3C609CA5635B}.Release|Any CPU.ActiveCfg = Release|Any CPU
		{4B14F348-6D43-4813-BF01-3C609CA5635B}.Release|Any CPU.Build.0 = Release|Any CPU
		{752D6C54-6C78-46E7-8E6D-7A8878952B5C}.Debug|Any CPU.ActiveCfg = Debug|Any CPU
		{752D6C54-6C78-46E7-8E6D-7A8878952B5C}.Debug|Any CPU.Build.0 = Debug|Any CPU
		{752D6C54-6C78-46E7-8E6D-7A8878952B5C}.Release|Any CPU.ActiveCfg = Release|Any CPU
		{752D6C54-6C78-46E7-8E6D-7A8878952B5C}.Release|Any CPU.Build.0 = Release|Any CPU
		{6259DFF1-C3ED-4E41-A456-AF644F189BFC}.Debug|Any CPU.ActiveCfg = Debug|Any CPU
		{6259DFF1-C3ED-4E41-A456-AF644F189BFC}.Debug|Any CPU.Build.0 = Debug|Any CPU
		{6259DFF1-C3ED-4E41-A456-AF644F189BFC}.Release|Any CPU.ActiveCfg = Release|Any CPU
		{6259DFF1-C3ED-4E41-A456-AF644F189BFC}.Release|Any CPU.Build.0 = Release|Any CPU
		{4C2A24B5-CA0F-4476-A452-92548CB6764E}.Debug|Any CPU.ActiveCfg = Debug|Any CPU
		{4C2A24B5-CA0F-4476-A452-92548CB6764E}.Debug|Any CPU.Build.0 = Debug|Any CPU
		{4C2A24B5-CA0F-4476-A452-92548CB6764E}.Release|Any CPU.ActiveCfg = Release|Any CPU
		{4C2A24B5-CA0F-4476-A452-92548CB6764E}.Release|Any CPU.Build.0 = Release|Any CPU
		{7B9E5365-C212-4EC2-B8F7-A5DDA39F0F3F}.Debug|Any CPU.ActiveCfg = Debug|Any CPU
		{7B9E5365-C212-4EC2-B8F7-A5DDA39F0F3F}.Debug|Any CPU.Build.0 = Debug|Any CPU
		{7B9E5365-C212-4EC2-B8F7-A5DDA39F0F3F}.Release|Any CPU.ActiveCfg = Release|Any CPU
		{7B9E5365-C212-4EC2-B8F7-A5DDA39F0F3F}.Release|Any CPU.Build.0 = Release|Any CPU
		{9F2D4A5E-6A9F-4667-AE7D-F72F95A2E85E}.Debug|Any CPU.ActiveCfg = Debug|Any CPU
		{9F2D4A5E-6A9F-4667-AE7D-F72F95A2E85E}.Debug|Any CPU.Build.0 = Debug|Any CPU
		{9F2D4A5E-6A9F-4667-AE7D-F72F95A2E85E}.Release|Any CPU.ActiveCfg = Release|Any CPU
		{9F2D4A5E-6A9F-4667-AE7D-F72F95A2E85E}.Release|Any CPU.Build.0 = Release|Any CPU
	EndGlobalSection
	GlobalSection(SolutionProperties) = preSolution
		HideSolutionNode = FALSE
	EndGlobalSection
EndGlobal
