
Microsoft Visual Studio Solution File, Format Version 12.00
# Visual Studio 2013
VisualStudioVersion = 12.0.31101.0
MinimumVisualStudioVersion = 10.0.40219.1
Project("{FAE04EC0-301F-11D3-BF4B-00C04F79EFBC}") = "01.OddOrEven", "OddOrEven\01.OddOrEven.csproj", "{2828124B-5758-45CE-8C9D-658A63923EE7}"
EndProject
Project("{FAE04EC0-301F-11D3-BF4B-00C04F79EFBC}") = "02.GravitationOnTheMoon", "GravitationOnTheMoon\02.GravitationOnTheMoon.csproj", "{0CB39E82-97C5-4A6C-9F03-80A5FCE88A4A}"
EndProject
Project("{FAE04EC0-301F-11D3-BF4B-00C04F79EFBC}") = "03.DivideBy", "DivideBy\03.DivideBy.csproj", "{AF019083-E748-4A95-9B4E-A2C149F6573F}"
EndProject
Project("{FAE04EC0-301F-11D3-BF4B-00C04F79EFBC}") = "04.Rectangles", "Rectangles\04.Rectangles.csproj", "{DB84B734-748F-41C7-B992-9839AFDC5C50}"
EndProject
Project("{FAE04EC0-301F-11D3-BF4B-00C04F79EFBC}") = "05.ThirdDigit.cs", "ThirdDigit.cs\05.ThirdDigit.cs.csproj", "{C2923EA6-CD53-4BBB-BF98-585FF81A92DD}"
EndProject
Project("{FAE04EC0-301F-11D3-BF4B-00C04F79EFBC}") = "06.FourDigitNumb", "FourDigitNumb\06.FourDigitNumb.csproj", "{8FE0D8A9-F336-4C02-8CDC-643F36794E8F}"
EndProject
Project("{FAE04EC0-301F-11D3-BF4B-00C04F79EFBC}") = "07.PointsInCircle", "PointsInCircle\07.PointsInCircle.csproj", "{746B416B-7E59-4048-AB53-28CEBC7E47F6}"
EndProject
Project("{FAE04EC0-301F-11D3-BF4B-00C04F79EFBC}") = "08.PrimeNumberCheck.cs", "PrimeNumberCheck.cs\08.PrimeNumberCheck.cs.csproj", "{E70B8DF1-23C7-4B0D-A5A5-63B26EF12549}"
EndProject
Project("{FAE04EC0-301F-11D3-BF4B-00C04F79EFBC}") = "09.Trapezoids.cs", "Trapezoids.cs\09.Trapezoids.cs.csproj", "{02CB5289-82A1-42BC-BBAF-08088ACAE8A9}"
EndProject
Project("{FAE04EC0-301F-11D3-BF4B-00C04F79EFBC}") = "10.PointInside", "PointInside\10.PointInside.csproj", "{C6313ED9-04E0-4C65-BBB9-398EBCACC554}"
EndProject
Project("{FAE04EC0-301F-11D3-BF4B-00C04F79EFBC}") = "11.ExtractBit3", "ExtractBit3\11.ExtractBit3.csproj", "{F10ABC8B-9BF9-4B7C-81EB-A5BA1C1B5655}"
EndProject
Project("{FAE04EC0-301F-11D3-BF4B-00C04F79EFBC}") = "12.ExtractBitFromInt", "12.ExtractBitFromInt\12.ExtractBitFromInt.csproj", "{267F09DA-CF93-4BC1-B81A-B45DCE9A6378}"
EndProject
Project("{FAE04EC0-301F-11D3-BF4B-00C04F79EFBC}") = "13.CheckBit", "13.CheckBit\13.CheckBit.csproj", "{ABA9212A-1273-42B2-A561-F63E3073E132}"
EndProject
Project("{FAE04EC0-301F-11D3-BF4B-00C04F79EFBC}") = "14.ModifyBit", "14.ModifyBit\14.ModifyBit.csproj", "{58C56DF5-7784-4D80-AEA0-9365ABB76F98}"
EndProject
Global
	GlobalSection(SolutionConfigurationPlatforms) = preSolution
		Debug|Any CPU = Debug|Any CPU
		Release|Any CPU = Release|Any CPU
	EndGlobalSection
	GlobalSection(ProjectConfigurationPlatforms) = postSolution
		{2828124B-5758-45CE-8C9D-658A63923EE7}.Debug|Any CPU.ActiveCfg = Debug|Any CPU
		{2828124B-5758-45CE-8C9D-658A63923EE7}.Debug|Any CPU.Build.0 = Debug|Any CPU
		{2828124B-5758-45CE-8C9D-658A63923EE7}.Release|Any CPU.ActiveCfg = Release|Any CPU
		{2828124B-5758-45CE-8C9D-658A63923EE7}.Release|Any CPU.Build.0 = Release|Any CPU
		{0CB39E82-97C5-4A6C-9F03-80A5FCE88A4A}.Debug|Any CPU.ActiveCfg = Debug|Any CPU
		{0CB39E82-97C5-4A6C-9F03-80A5FCE88A4A}.Debug|Any CPU.Build.0 = Debug|Any CPU
		{0CB39E82-97C5-4A6C-9F03-80A5FCE88A4A}.Release|Any CPU.ActiveCfg = Release|Any CPU
		{0CB39E82-97C5-4A6C-9F03-80A5FCE88A4A}.Release|Any CPU.Build.0 = Release|Any CPU
		{AF019083-E748-4A95-9B4E-A2C149F6573F}.Debug|Any CPU.ActiveCfg = Debug|Any CPU
		{AF019083-E748-4A95-9B4E-A2C149F6573F}.Debug|Any CPU.Build.0 = Debug|Any CPU
		{AF019083-E748-4A95-9B4E-A2C149F6573F}.Release|Any CPU.ActiveCfg = Release|Any CPU
		{AF019083-E748-4A95-9B4E-A2C149F6573F}.Release|Any CPU.Build.0 = Release|Any CPU
		{DB84B734-748F-41C7-B992-9839AFDC5C50}.Debug|Any CPU.ActiveCfg = Debug|Any CPU
		{DB84B734-748F-41C7-B992-9839AFDC5C50}.Debug|Any CPU.Build.0 = Debug|Any CPU
		{DB84B734-748F-41C7-B992-9839AFDC5C50}.Release|Any CPU.ActiveCfg = Release|Any CPU
		{DB84B734-748F-41C7-B992-9839AFDC5C50}.Release|Any CPU.Build.0 = Release|Any CPU
		{C2923EA6-CD53-4BBB-BF98-585FF81A92DD}.Debug|Any CPU.ActiveCfg = Debug|Any CPU
		{C2923EA6-CD53-4BBB-BF98-585FF81A92DD}.Debug|Any CPU.Build.0 = Debug|Any CPU
		{C2923EA6-CD53-4BBB-BF98-585FF81A92DD}.Release|Any CPU.ActiveCfg = Release|Any CPU
		{C2923EA6-CD53-4BBB-BF98-585FF81A92DD}.Release|Any CPU.Build.0 = Release|Any CPU
		{8FE0D8A9-F336-4C02-8CDC-643F36794E8F}.Debug|Any CPU.ActiveCfg = Debug|Any CPU
		{8FE0D8A9-F336-4C02-8CDC-643F36794E8F}.Debug|Any CPU.Build.0 = Debug|Any CPU
		{8FE0D8A9-F336-4C02-8CDC-643F36794E8F}.Release|Any CPU.ActiveCfg = Release|Any CPU
		{8FE0D8A9-F336-4C02-8CDC-643F36794E8F}.Release|Any CPU.Build.0 = Release|Any CPU
		{746B416B-7E59-4048-AB53-28CEBC7E47F6}.Debug|Any CPU.ActiveCfg = Debug|Any CPU
		{746B416B-7E59-4048-AB53-28CEBC7E47F6}.Debug|Any CPU.Build.0 = Debug|Any CPU
		{746B416B-7E59-4048-AB53-28CEBC7E47F6}.Release|Any CPU.ActiveCfg = Release|Any CPU
		{746B416B-7E59-4048-AB53-28CEBC7E47F6}.Release|Any CPU.Build.0 = Release|Any CPU
		{E70B8DF1-23C7-4B0D-A5A5-63B26EF12549}.Debug|Any CPU.ActiveCfg = Debug|Any CPU
		{E70B8DF1-23C7-4B0D-A5A5-63B26EF12549}.Debug|Any CPU.Build.0 = Debug|Any CPU
		{E70B8DF1-23C7-4B0D-A5A5-63B26EF12549}.Release|Any CPU.ActiveCfg = Release|Any CPU
		{E70B8DF1-23C7-4B0D-A5A5-63B26EF12549}.Release|Any CPU.Build.0 = Release|Any CPU
		{02CB5289-82A1-42BC-BBAF-08088ACAE8A9}.Debug|Any CPU.ActiveCfg = Debug|Any CPU
		{02CB5289-82A1-42BC-BBAF-08088ACAE8A9}.Debug|Any CPU.Build.0 = Debug|Any CPU
		{02CB5289-82A1-42BC-BBAF-08088ACAE8A9}.Release|Any CPU.ActiveCfg = Release|Any CPU
		{02CB5289-82A1-42BC-BBAF-08088ACAE8A9}.Release|Any CPU.Build.0 = Release|Any CPU
		{C6313ED9-04E0-4C65-BBB9-398EBCACC554}.Debug|Any CPU.ActiveCfg = Debug|Any CPU
		{C6313ED9-04E0-4C65-BBB9-398EBCACC554}.Debug|Any CPU.Build.0 = Debug|Any CPU
		{C6313ED9-04E0-4C65-BBB9-398EBCACC554}.Release|Any CPU.ActiveCfg = Release|Any CPU
		{C6313ED9-04E0-4C65-BBB9-398EBCACC554}.Release|Any CPU.Build.0 = Release|Any CPU
		{F10ABC8B-9BF9-4B7C-81EB-A5BA1C1B5655}.Debug|Any CPU.ActiveCfg = Debug|Any CPU
		{F10ABC8B-9BF9-4B7C-81EB-A5BA1C1B5655}.Debug|Any CPU.Build.0 = Debug|Any CPU
		{F10ABC8B-9BF9-4B7C-81EB-A5BA1C1B5655}.Release|Any CPU.ActiveCfg = Release|Any CPU
		{F10ABC8B-9BF9-4B7C-81EB-A5BA1C1B5655}.Release|Any CPU.Build.0 = Release|Any CPU
		{267F09DA-CF93-4BC1-B81A-B45DCE9A6378}.Debug|Any CPU.ActiveCfg = Debug|Any CPU
		{267F09DA-CF93-4BC1-B81A-B45DCE9A6378}.Debug|Any CPU.Build.0 = Debug|Any CPU
		{267F09DA-CF93-4BC1-B81A-B45DCE9A6378}.Release|Any CPU.ActiveCfg = Release|Any CPU
		{267F09DA-CF93-4BC1-B81A-B45DCE9A6378}.Release|Any CPU.Build.0 = Release|Any CPU
		{ABA9212A-1273-42B2-A561-F63E3073E132}.Debug|Any CPU.ActiveCfg = Debug|Any CPU
		{ABA9212A-1273-42B2-A561-F63E3073E132}.Debug|Any CPU.Build.0 = Debug|Any CPU
		{ABA9212A-1273-42B2-A561-F63E3073E132}.Release|Any CPU.ActiveCfg = Release|Any CPU
		{ABA9212A-1273-42B2-A561-F63E3073E132}.Release|Any CPU.Build.0 = Release|Any CPU
		{58C56DF5-7784-4D80-AEA0-9365ABB76F98}.Debug|Any CPU.ActiveCfg = Debug|Any CPU
		{58C56DF5-7784-4D80-AEA0-9365ABB76F98}.Debug|Any CPU.Build.0 = Debug|Any CPU
		{58C56DF5-7784-4D80-AEA0-9365ABB76F98}.Release|Any CPU.ActiveCfg = Release|Any CPU
		{58C56DF5-7784-4D80-AEA0-9365ABB76F98}.Release|Any CPU.Build.0 = Release|Any CPU
	EndGlobalSection
	GlobalSection(SolutionProperties) = preSolution
		HideSolutionNode = FALSE
	EndGlobalSection
EndGlobal
