
Microsoft Visual Studio Solution File, Format Version 12.00
# Visual Studio 2013
VisualStudioVersion = 12.0.31101.0
MinimumVisualStudioVersion = 10.0.40219.1
Project("{FAE04EC0-301F-11D3-BF4B-00C04F79EFBC}") = "01.SumOfThreeNumbs", "01.SumOfThreeNumbs\01.SumOfThreeNumbs.csproj", "{D80DBD5C-33C9-4446-A2E2-719E8B4C591D}"
EndProject
Project("{FAE04EC0-301F-11D3-BF4B-00C04F79EFBC}") = "02.CompanyInformation", "02.CompanyInformation\02.CompanyInformation.csproj", "{2D6240DE-7007-447F-A53B-5CCA78897A0B}"
EndProject
Project("{FAE04EC0-301F-11D3-BF4B-00C04F79EFBC}") = "03.NumberComparer", "NumberComparer\03.NumberComparer.csproj", "{BF1A4CA5-E4B3-48D3-AEDA-F91B15F36F2F}"
EndProject
Project("{FAE04EC0-301F-11D3-BF4B-00C04F79EFBC}") = "05.FormattingNumbers", "FormattingNumbers\05.FormattingNumbers.csproj", "{C7DFBAF7-4369-4E5F-980B-8B5B51AE3435}"
EndProject
Project("{FAE04EC0-301F-11D3-BF4B-00C04F79EFBC}") = "04.CirclePerimeterArea", "CirclePerimeterArea\04.CirclePerimeterArea.csproj", "{E91C6643-15CD-44BA-AAF9-FDB1F15D1743}"
EndProject
Project("{FAE04EC0-301F-11D3-BF4B-00C04F79EFBC}") = "06.QuadraticEquation", "QuadraticEquation\06.QuadraticEquation.csproj", "{D148CFD5-309C-47F2-8A91-5CB52A13BA4C}"
EndProject
Project("{FAE04EC0-301F-11D3-BF4B-00C04F79EFBC}") = "07.SumOf5Numbers", "07.SumOf5Numbers\07.SumOf5Numbers.csproj", "{958F80D3-2F83-4A04-B2B3-13FF02BBADDC}"
EndProject
Project("{FAE04EC0-301F-11D3-BF4B-00C04F79EFBC}") = "08.NumbersFromOneToN", "08.NumbersFromOneToN\08.NumbersFromOneToN.csproj", "{8B6028AB-C157-43D2-BE89-CFAC718C6706}"
EndProject
Project("{FAE04EC0-301F-11D3-BF4B-00C04F79EFBC}") = "09.SumOfNumbers", "SumOfNumbers\09.SumOfNumbers.csproj", "{3F0D4961-C931-4DBB-9BE9-D1CCA28F7F59}"
EndProject
Project("{FAE04EC0-301F-11D3-BF4B-00C04F79EFBC}") = "10.FibonacciNumbers", "FibonacciNumbers\10.FibonacciNumbers.csproj", "{10A7ADE8-F0FC-44C0-A23F-4FD2902C808C}"
EndProject
Project("{FAE04EC0-301F-11D3-BF4B-00C04F79EFBC}") = "11.NumbersInInterval", "11.NumbersInInterval\11.NumbersInInterval.csproj", "{A0536435-EF19-4257-9BE7-E8E16D5454BB}"
EndProject
Global
	GlobalSection(SolutionConfigurationPlatforms) = preSolution
		Debug|Any CPU = Debug|Any CPU
		Release|Any CPU = Release|Any CPU
	EndGlobalSection
	GlobalSection(ProjectConfigurationPlatforms) = postSolution
		{D80DBD5C-33C9-4446-A2E2-719E8B4C591D}.Debug|Any CPU.ActiveCfg = Debug|Any CPU
		{D80DBD5C-33C9-4446-A2E2-719E8B4C591D}.Debug|Any CPU.Build.0 = Debug|Any CPU
		{D80DBD5C-33C9-4446-A2E2-719E8B4C591D}.Release|Any CPU.ActiveCfg = Release|Any CPU
		{D80DBD5C-33C9-4446-A2E2-719E8B4C591D}.Release|Any CPU.Build.0 = Release|Any CPU
		{2D6240DE-7007-447F-A53B-5CCA78897A0B}.Debug|Any CPU.ActiveCfg = Debug|Any CPU
		{2D6240DE-7007-447F-A53B-5CCA78897A0B}.Debug|Any CPU.Build.0 = Debug|Any CPU
		{2D6240DE-7007-447F-A53B-5CCA78897A0B}.Release|Any CPU.ActiveCfg = Release|Any CPU
		{2D6240DE-7007-447F-A53B-5CCA78897A0B}.Release|Any CPU.Build.0 = Release|Any CPU
		{BF1A4CA5-E4B3-48D3-AEDA-F91B15F36F2F}.Debug|Any CPU.ActiveCfg = Debug|Any CPU
		{BF1A4CA5-E4B3-48D3-AEDA-F91B15F36F2F}.Debug|Any CPU.Build.0 = Debug|Any CPU
		{BF1A4CA5-E4B3-48D3-AEDA-F91B15F36F2F}.Release|Any CPU.ActiveCfg = Release|Any CPU
		{BF1A4CA5-E4B3-48D3-AEDA-F91B15F36F2F}.Release|Any CPU.Build.0 = Release|Any CPU
		{C7DFBAF7-4369-4E5F-980B-8B5B51AE3435}.Debug|Any CPU.ActiveCfg = Debug|Any CPU
		{C7DFBAF7-4369-4E5F-980B-8B5B51AE3435}.Debug|Any CPU.Build.0 = Debug|Any CPU
		{C7DFBAF7-4369-4E5F-980B-8B5B51AE3435}.Release|Any CPU.ActiveCfg = Release|Any CPU
		{C7DFBAF7-4369-4E5F-980B-8B5B51AE3435}.Release|Any CPU.Build.0 = Release|Any CPU
		{E91C6643-15CD-44BA-AAF9-FDB1F15D1743}.Debug|Any CPU.ActiveCfg = Debug|Any CPU
		{E91C6643-15CD-44BA-AAF9-FDB1F15D1743}.Debug|Any CPU.Build.0 = Debug|Any CPU
		{E91C6643-15CD-44BA-AAF9-FDB1F15D1743}.Release|Any CPU.ActiveCfg = Release|Any CPU
		{E91C6643-15CD-44BA-AAF9-FDB1F15D1743}.Release|Any CPU.Build.0 = Release|Any CPU
		{D148CFD5-309C-47F2-8A91-5CB52A13BA4C}.Debug|Any CPU.ActiveCfg = Debug|Any CPU
		{D148CFD5-309C-47F2-8A91-5CB52A13BA4C}.Debug|Any CPU.Build.0 = Debug|Any CPU
		{D148CFD5-309C-47F2-8A91-5CB52A13BA4C}.Release|Any CPU.ActiveCfg = Release|Any CPU
		{D148CFD5-309C-47F2-8A91-5CB52A13BA4C}.Release|Any CPU.Build.0 = Release|Any CPU
		{958F80D3-2F83-4A04-B2B3-13FF02BBADDC}.Debug|Any CPU.ActiveCfg = Debug|Any CPU
		{958F80D3-2F83-4A04-B2B3-13FF02BBADDC}.Debug|Any CPU.Build.0 = Debug|Any CPU
		{958F80D3-2F83-4A04-B2B3-13FF02BBADDC}.Release|Any CPU.ActiveCfg = Release|Any CPU
		{958F80D3-2F83-4A04-B2B3-13FF02BBADDC}.Release|Any CPU.Build.0 = Release|Any CPU
		{8B6028AB-C157-43D2-BE89-CFAC718C6706}.Debug|Any CPU.ActiveCfg = Debug|Any CPU
		{8B6028AB-C157-43D2-BE89-CFAC718C6706}.Debug|Any CPU.Build.0 = Debug|Any CPU
		{8B6028AB-C157-43D2-BE89-CFAC718C6706}.Release|Any CPU.ActiveCfg = Release|Any CPU
		{8B6028AB-C157-43D2-BE89-CFAC718C6706}.Release|Any CPU.Build.0 = Release|Any CPU
		{3F0D4961-C931-4DBB-9BE9-D1CCA28F7F59}.Debug|Any CPU.ActiveCfg = Debug|Any CPU
		{3F0D4961-C931-4DBB-9BE9-D1CCA28F7F59}.Debug|Any CPU.Build.0 = Debug|Any CPU
		{3F0D4961-C931-4DBB-9BE9-D1CCA28F7F59}.Release|Any CPU.ActiveCfg = Release|Any CPU
		{3F0D4961-C931-4DBB-9BE9-D1CCA28F7F59}.Release|Any CPU.Build.0 = Release|Any CPU
		{10A7ADE8-F0FC-44C0-A23F-4FD2902C808C}.Debug|Any CPU.ActiveCfg = Debug|Any CPU
		{10A7ADE8-F0FC-44C0-A23F-4FD2902C808C}.Debug|Any CPU.Build.0 = Debug|Any CPU
		{10A7ADE8-F0FC-44C0-A23F-4FD2902C808C}.Release|Any CPU.ActiveCfg = Release|Any CPU
		{10A7ADE8-F0FC-44C0-A23F-4FD2902C808C}.Release|Any CPU.Build.0 = Release|Any CPU
		{A0536435-EF19-4257-9BE7-E8E16D5454BB}.Debug|Any CPU.ActiveCfg = Debug|Any CPU
		{A0536435-EF19-4257-9BE7-E8E16D5454BB}.Debug|Any CPU.Build.0 = Debug|Any CPU
		{A0536435-EF19-4257-9BE7-E8E16D5454BB}.Release|Any CPU.ActiveCfg = Release|Any CPU
		{A0536435-EF19-4257-9BE7-E8E16D5454BB}.Release|Any CPU.Build.0 = Release|Any CPU
	EndGlobalSection
	GlobalSection(SolutionProperties) = preSolution
		HideSolutionNode = FALSE
	EndGlobalSection
EndGlobal
