
Microsoft Visual Studio Solution File, Format Version 12.00
# Visual Studio 2013
VisualStudioVersion = 12.0.31101.0
MinimumVisualStudioVersion = 10.0.40219.1
Project("{FAE04EC0-301F-11D3-BF4B-00C04F79EFBC}") = "Problem1.PrimeFactorization", "Problem 1.PrimeFactorization\Problem1.PrimeFactorization.csproj", "{C3D249F5-BCB9-47DD-8913-CC934D3EC058}"
EndProject
Project("{FAE04EC0-301F-11D3-BF4B-00C04F79EFBC}") = "Problem2.TheSieveOfEratosthenes", "Problem 2.The Sieve of Eratosthenes\Problem2.TheSieveOfEratosthenes.csproj", "{BB66BEB6-8699-4F7C-B67F-DF9C00389171}"
EndProject
Project("{FAE04EC0-301F-11D3-BF4B-00C04F79EFBC}") = "Problem3. InsertionSort", "Problem3. InsertionSort\Problem3. InsertionSort.csproj", "{46011869-2F2D-434F-AD31-172B86569E6A}"
EndProject
Project("{FAE04EC0-301F-11D3-BF4B-00C04F79EFBC}") = "Problem4.LinearAndBinarySearch", "04.LinearAndBinarySearch\Problem4.LinearAndBinarySearch.csproj", "{7E0DE767-9EC7-48AA-95B5-2C0FD629D3F5}"
EndProject
Project("{FAE04EC0-301F-11D3-BF4B-00C04F79EFBC}") = "Problem5.LargestRectangle", "Problem5.LargestRectangle\Problem5.LargestRectangle.csproj", "{50C0EC36-5C14-4722-9900-A94DE213B07A}"
EndProject
Global
	GlobalSection(SolutionConfigurationPlatforms) = preSolution
		Debug|Any CPU = Debug|Any CPU
		Release|Any CPU = Release|Any CPU
	EndGlobalSection
	GlobalSection(ProjectConfigurationPlatforms) = postSolution
		{C3D249F5-BCB9-47DD-8913-CC934D3EC058}.Debug|Any CPU.ActiveCfg = Debug|Any CPU
		{C3D249F5-BCB9-47DD-8913-CC934D3EC058}.Debug|Any CPU.Build.0 = Debug|Any CPU
		{C3D249F5-BCB9-47DD-8913-CC934D3EC058}.Release|Any CPU.ActiveCfg = Release|Any CPU
		{C3D249F5-BCB9-47DD-8913-CC934D3EC058}.Release|Any CPU.Build.0 = Release|Any CPU
		{BB66BEB6-8699-4F7C-B67F-DF9C00389171}.Debug|Any CPU.ActiveCfg = Debug|Any CPU
		{BB66BEB6-8699-4F7C-B67F-DF9C00389171}.Debug|Any CPU.Build.0 = Debug|Any CPU
		{BB66BEB6-8699-4F7C-B67F-DF9C00389171}.Release|Any CPU.ActiveCfg = Release|Any CPU
		{BB66BEB6-8699-4F7C-B67F-DF9C00389171}.Release|Any CPU.Build.0 = Release|Any CPU
		{46011869-2F2D-434F-AD31-172B86569E6A}.Debug|Any CPU.ActiveCfg = Debug|Any CPU
		{46011869-2F2D-434F-AD31-172B86569E6A}.Debug|Any CPU.Build.0 = Debug|Any CPU
		{46011869-2F2D-434F-AD31-172B86569E6A}.Release|Any CPU.ActiveCfg = Release|Any CPU
		{46011869-2F2D-434F-AD31-172B86569E6A}.Release|Any CPU.Build.0 = Release|Any CPU
		{7E0DE767-9EC7-48AA-95B5-2C0FD629D3F5}.Debug|Any CPU.ActiveCfg = Debug|Any CPU
		{7E0DE767-9EC7-48AA-95B5-2C0FD629D3F5}.Debug|Any CPU.Build.0 = Debug|Any CPU
		{7E0DE767-9EC7-48AA-95B5-2C0FD629D3F5}.Release|Any CPU.ActiveCfg = Release|Any CPU
		{7E0DE767-9EC7-48AA-95B5-2C0FD629D3F5}.Release|Any CPU.Build.0 = Release|Any CPU
		{50C0EC36-5C14-4722-9900-A94DE213B07A}.Debug|Any CPU.ActiveCfg = Debug|Any CPU
		{50C0EC36-5C14-4722-9900-A94DE213B07A}.Debug|Any CPU.Build.0 = Debug|Any CPU
		{50C0EC36-5C14-4722-9900-A94DE213B07A}.Release|Any CPU.ActiveCfg = Release|Any CPU
		{50C0EC36-5C14-4722-9900-A94DE213B07A}.Release|Any CPU.Build.0 = Release|Any CPU
	EndGlobalSection
	GlobalSection(SolutionProperties) = preSolution
		HideSolutionNode = FALSE
	EndGlobalSection
EndGlobal
