
Microsoft Visual Studio Solution File, Format Version 12.00
# Visual Studio 2013
VisualStudioVersion = 12.0.31101.0
MinimumVisualStudioVersion = 10.0.40219.1
Project("{FAE04EC0-301F-11D3-BF4B-00C04F79EFBC}") = "01.GalacticGPS", "01.GalacticGPS\01.GalacticGPS.csproj", "{A119E741-C14D-4879-800F-B5102DEB977A}"
EndProject
Project("{FAE04EC0-301F-11D3-BF4B-00C04F79EFBC}") = "02.FractionCalculator", "02.FractionCalculator\02.FractionCalculator.csproj", "{78E7E353-1202-4320-AB54-99B2CB4B918B}"
EndProject
Project("{FAE04EC0-301F-11D3-BF4B-00C04F79EFBC}") = "03.04.GenericList", "03.GenericList\03.04.GenericList.csproj", "{505C2516-1A42-45AA-BE55-43CBB13CFD73}"
EndProject
Global
	GlobalSection(SolutionConfigurationPlatforms) = preSolution
		Debug|Any CPU = Debug|Any CPU
		Release|Any CPU = Release|Any CPU
	EndGlobalSection
	GlobalSection(ProjectConfigurationPlatforms) = postSolution
		{A119E741-C14D-4879-800F-B5102DEB977A}.Debug|Any CPU.ActiveCfg = Debug|Any CPU
		{A119E741-C14D-4879-800F-B5102DEB977A}.Debug|Any CPU.Build.0 = Debug|Any CPU
		{A119E741-C14D-4879-800F-B5102DEB977A}.Release|Any CPU.ActiveCfg = Release|Any CPU
		{A119E741-C14D-4879-800F-B5102DEB977A}.Release|Any CPU.Build.0 = Release|Any CPU
		{78E7E353-1202-4320-AB54-99B2CB4B918B}.Debug|Any CPU.ActiveCfg = Debug|Any CPU
		{78E7E353-1202-4320-AB54-99B2CB4B918B}.Debug|Any CPU.Build.0 = Debug|Any CPU
		{78E7E353-1202-4320-AB54-99B2CB4B918B}.Release|Any CPU.ActiveCfg = Release|Any CPU
		{78E7E353-1202-4320-AB54-99B2CB4B918B}.Release|Any CPU.Build.0 = Release|Any CPU
		{505C2516-1A42-45AA-BE55-43CBB13CFD73}.Debug|Any CPU.ActiveCfg = Debug|Any CPU
		{505C2516-1A42-45AA-BE55-43CBB13CFD73}.Debug|Any CPU.Build.0 = Debug|Any CPU
		{505C2516-1A42-45AA-BE55-43CBB13CFD73}.Release|Any CPU.ActiveCfg = Release|Any CPU
		{505C2516-1A42-45AA-BE55-43CBB13CFD73}.Release|Any CPU.Build.0 = Release|Any CPU
	EndGlobalSection
	GlobalSection(SolutionProperties) = preSolution
		HideSolutionNode = FALSE
	EndGlobalSection
EndGlobal
